
Microsoft Visual Studio Solution File, Format Version 12.00
# Visual Studio 15
VisualStudioVersion = 15.0.27703.2042
MinimumVisualStudioVersion = 10.0.40219.1
Project("{FAE04EC0-301F-11D3-BF4B-00C04F79EFBC}") = "Turistiando", "Turistiando\Turistiando.csproj", "{BFB22904-544D-4ADF-B134-B789609EE44B}"
EndProject
Global
	GlobalSection(SolutionConfigurationPlatforms) = preSolution
		Debug|Any CPU = Debug|Any CPU
		Release|Any CPU = Release|Any CPU
	EndGlobalSection
	GlobalSection(ProjectConfigurationPlatforms) = postSolution
		{BFB22904-544D-4ADF-B134-B789609EE44B}.Debug|Any CPU.ActiveCfg = Debug|Any CPU
		{BFB22904-544D-4ADF-B134-B789609EE44B}.Debug|Any CPU.Build.0 = Debug|Any CPU
		{BFB22904-544D-4ADF-B134-B789609EE44B}.Release|Any CPU.ActiveCfg = Release|Any CPU
		{BFB22904-544D-4ADF-B134-B789609EE44B}.Release|Any CPU.Build.0 = Release|Any CPU
	EndGlobalSection
	GlobalSection(SolutionProperties) = preSolution
		HideSolutionNode = FALSE
	EndGlobalSection
	GlobalSection(ExtensibilityGlobals) = postSolution
		SolutionGuid = {8C48FDA0-BB95-4B4F-AC2A-786B8D2E695B}
	EndGlobalSection
EndGlobal
